github.com/axetroy/mocker v1.2.0 h1:2n2Af9lyN7TCNrPt2NT9nd2z5KXGXia9ROJA6qBBxsw=
github.com/axetroy/mocker v1.2.0/go.mod h1:uYztBX5hnXFF0nr0KzypTTZiDQDNbOGvCL+B/J014+Q=
github.com/aymerick/douceur v0.2.0 h1:Mv+mAeH1Q+n9Fr+oyamOlAkUNPWPlA8PPGR0QAaYuPk=
github.com/aymerick/douceur v0.2.0/go.mod h1:wlT5vV2O3h55X9m7iVYN0TBM0NH/MmbLnd30/FjWUq4=
github.com/bxcodec/faker/v3 v3.5.0 h1:Rahy6dwbd6up0wbwbV7dFyQb+jmdC51kpATuUdnzfMg=
github.com/bxcodec/faker/v3 v3.5.0/go.mod h1:gF31YgnMSMKgkvl+fyEo1xuSMbEuieyqfeslGYFjneM=
github.com/bxcodec/faker/v3 v3.6.0 h1:Meuh+M6pQJsQJwxVALq6H5wpDzkZ4pStV9pmH7gbKKs=
github.com/bxcodec/faker/v3 v3.6.0/go.mod h1:gF31YgnMSMKgkvl+fyEo1xuSMbEuieyqfeslGYFjneM=
github.com/chris-ramon/douceur v0.2.0 h1:IDMEdxlEUUBYBKE4z/mJnFyVXox+MjuEVDJNN27glkU=
github.com/chris-ramon/douceur v0.2.0/go.mod h1:wDW5xjJdeoMm1mRt4sD4c/LbF/mWdEpRXQKjTR8nIBE=
github.com/davecgh/go-spew v1.1.0 h1:ZDRjVQ15GmhC3fiQ8ni8+OwkZQO4DARzQgrnXU1Liz8=
github.com/davecgh/go-spew v1.1.0/go.mod h1:J7Y8YcW2NihsgmVo/mv3lAwl/skON4iLHjSsI+c5H38=
github.com/davecgh/go-spew v1.1.1 h1:vj9j/u1bqnvCEfJOwUhtlOARqs3+rkHYY13jYWTU97c=
github.com/davecgh/go-spew v1.1.1/go.mod h1:J7Y8YcW2NihsgmVo/mv3lAwl/skON4iLHjSsI+c5H38=
github.com/gomarkdown/markdown v0.0.0-20201109183857-6ac05fb9e0a4 h1:AyBctBRYZeR+aNJmCPiuQ3kvUJILWtqYa0WxwkGkV+c=
github.com/gomarkdown/markdown v0.0.0-20201109183857-6ac05fb9e0a4/go.mod h1:aii0r/K0ZnHv7G0KF7xy1v0A7s2Ljrb5byB7MO5p6TU=
github.com/gomarkdown/markdown v0.0.0-20201113031856-722100d81a8e h1:/Y3B7hM9H3TOWPhe8eWGBGS4r09pjvS5Z0uoPADyjmU=
github.com/gomarkdown/markdown v0.0.0-20201113031856-722100d81a8e/go.mod h1:aii0r/K0ZnHv7G0KF7xy1v0A7s2Ljrb5byB7MO5p6TU=
github.com/gomarkdown/markdown v0.0.0-20210208175418-bda154fe17d8 h1:nWU6p08f1VgIalT6iZyqXi4o5cZsz4X6qa87nusfcsc=
github.com/gomarkdown/markdown v0.0.0-20210208175418-bda154fe17d8/go.mod h1:aii0r/K0ZnHv7G0KF7xy1v0A7s2Ljrb5byB7MO5p6TU=
github.com/gomarkdown/markdown v0.0.0-20210407075948-35013ec157ce h1:UhnvEu087StwMPDKpMc8XzSaBNSR2yvgKubPQbW6AiE=
github.com/gomarkdown/markdown v0.0.0-20210407075948-35013ec157ce/go.mod h1:aii0r/K0ZnHv7G0KF7xy1v0A7s2Ljrb5byB7MO5p6TU=
github.com/gomarkdown/markdown v0.0.0-20210408062403-ad838ccf8cdd h1:0b8AqsWQb6A0jjx80UXLG/uMTXQkGD0IGuXWqsrNz1M=
github.com/gomarkdown/markdown v0.0.0-20210408062403-ad838ccf8cdd/go.mod h1:aii0r/K0ZnHv7G0KF7xy1v0A7s2Ljrb5byB7MO5p6TU=
github.com/gorilla/css v1.0.0 h1:BQqNyPTi50JCFMTw/b67hByjMVXZRwGha6wxVGkeihY=
github.com/gorilla/css v1.0.0/go.mod h1:Dn721qIggHpt4+EFCcTLTU/vk5ySda2ReITrtgBl60c=
github.com/microcosm-cc/bluemonday v1.0.4 h1:p0L+CTpo/PLFdkoPcJemLXG+fpMD7pYOoDEq1axMbGg=
github.com/microcosm-cc/bluemonday v1.0.4/go.mod h1:8iwZnFn2CDDNZ0r6UXhF4xawGvzaqzCRa1n3/lO3W2w=
github.com/microcosm-cc/bluemonday v1.0.5 h1:cF59UCKMmmUgqN1baLvqU/B1ZsMori+duLVTLpgiG3w=
github.com/microcosm-cc/bluemonday v1.0.5/go.mod h1:8iwZnFn2CDDNZ0r6UXhF4xawGvzaqzCRa1n3/lO3W2w=
github.com/microcosm-cc/bluemonday v1.0.6 h1:ZOvqHKtnx0fUpnbQm3m3zKFWE+DRC+XB1onh8JoEObE=
github.com/microcosm-cc/bluemonday v1.0.6/go.mod h1:HOT/6NaBlR0f9XlxD3zolN6Z3N8Lp4pvhp+jLS5ihnI=
github.com/microcosm-cc/bluemonday v1.0.7 h1:6yAQfk4XT+PI/dk1ZeBp1gr3Q2Hd1DR0O3aEyPUJVTE=
github.com/microcosm-cc/bluemonday v1.0.7/go.mod h1:HOT/6NaBlR0f9XlxD3zolN6Z3N8Lp4pvhp+jLS5ihnI=
github.com/pkg/errors v0.9.1 h1:FEBLx1zS214owpjy7qsBeixbURkuhQAwrK5UwLGTwt4=
github.com/pkg/errors v0.9.1/go.mod h1:bwawxfHBFNV+L2hUp1rHADufV3IMtnDRdf1r5NINEl0=
github.com/pmezard/go-difflib v1.0.0 h1:4DBwDE0NGyQoBHbLQYPwSUPoCMWR5BEzIk/f1lZbAQM=
github.com/pmezard/go-difflib v1.0.0/go.mod h1:iKH77koFhYxTK1pcRnkKkqfTogsbg7gZNVY4sRDYZ/4=
github.com/stretchr/objx v0.1.0/go.mod h1:HFkY916IF+rwdDfMAkV7OtwuqBVzrE8GR6GFx+wExME=
github.com/stretchr/testify v1.6.1 h1:hDPOHmpOpP40lSULcqw7IrRb/u7w6RpDC9399XyoNd0=
github.com/stretchr/testify v1.6.1/go.mod h1:6Fq8oRcR53rry900zMqJjRRixrwX3KX962/h/Wwjteg=
github.com/stretchr/testify v1.7.0 h1:nwc3DEeHmmLAfoZucVR881uASk0Mfjw8xYJ99tb5CcY=
github.com/stretchr/testify v1.7.0/go.mod h1:6Fq8oRcR53rry900zMqJjRRixrwX3KX962/h/Wwjteg=
golang.org/dl v0.0.0-20190829154251-82a15e2f2ead/go.mod h1:IUMfjQLJQd4UTqG1Z90tenwKoCX93Gn3MAQJMOSBsDQ=
golang.org/x/net v0.0.0-20181220203305-927f97764cc3 h1:eH6Eip3UpmR+yM/qI9Ijluzb1bNv/cAU/n+6l8tRSis=
golang.org/x/net v0.0.0-20181220203305-927f97764cc3/go.mod h1:mL1N/T3taQHkDXs73rZJwtUhF3w3ftmwwsq0BUmARs4=
golang.org/x/net v0.0.0-20210331212208-0fccb6fa2b5c h1:KHUzaHIpjWVlVVNh65G3hhuj3KB1HnjY6Cq5cTvRQT8=
golang.org/x/net v0.0.0-20210331212208-0fccb6fa2b5c/go.mod h1:p54w0d4576C0XHj96bSt6lcn1PtDYWL6XObtHCRCNQM=
golang.org/x/sys v0.0.0-20201119102817-f84b799fce68/go.mod h1:h1NjWce9XRLGQEsW7wpKNCjG9DtNlClVuFLEZdDNbEs=
golang.org/x/sys v0.0.0-20210330210617-4fbd30eecc44/go.mod h1:h1NjWce9XRLGQEsW7wpKNCjG9DtNlClVuFLEZdDNbEs=
golang.org/x/term v0.0.0-20201126162022-7de9c90e9dd1/go.mod h1:bj7SfCRtBDWHUb9snDiAeCFNEtKQo2Wmx5Cou7ajbmo=
golang.org/x/text v0.3.3/go.mod h1:5Zoc/QRtKVWzQhOtBMvqHzDpF6irO9z98xDceosuGiQ=
golang.org/x/tools v0.0.0-20180917221912-90fa682c2a6e/go.mod h1:n7NCudcB/nEzxVGmLbDWY5pfWTLqBcC2KZ6jyYvM4mQ=
gopkg.in/check.v1 v0.0.0-20161208181325-20d25e280405 h1:yhCVgyC4o1eVCa2tZl7eS0r+SDo693bJlVdllGtEeKM=
gopkg.in/check.v1 v0.0.0-20161208181325-20d25e280405/go.mod h1:Co6ibVJAznAaIkqp8huTwlJQCZ016jof/cbN4VW5Yz0=
gopkg.in/yaml.v3 v3.0.0-20200313102051-9f266ea9e77c h1:dUUwHk2QECo/6vqA44rthZ8ie2QXMNeKRTHCNY2nXvo=
gopkg.in/yaml.v3 v3.0.0-20200313102051-9f266ea9e77c/go.mod h1:K4uyk7z7BCEPqu6E+C64Yfv1cQ7kz7rIZviUmN+EgEM=
